
Microsoft Visual Studio Solution File, Format Version 12.00
# Visual Studio 15
VisualStudioVersion = 15.0.26228.4
MinimumVisualStudioVersion = 10.0.40219.1
Project("{2150E333-8FDC-42A3-9474-1A3956D46DE8}") = "Solution Items", "Solution Items", "{2980BAA7-61AA-44F7-AD1F-AAD7399F768E}"
EndProject
Project("{8BB2217D-0F2D-49D1-97BC-3654ED321F3B}") = "Types", "Types\Types.fsproj", "{57B228C7-6A44-4191-9E4C-95E7F688D581}"
EndProject
Project("{8BB2217D-0F2D-49D1-97BC-3654ED321F3B}") = "Utility", "Utility\Utility.fsproj", "{23EA1166-343F-4BA6-8B57-15C3B0391AC0}"
EndProject
Project("{8BB2217D-0F2D-49D1-97BC-3654ED321F3B}") = "HttpApi", "HttpApi\HttpApi.fsproj", "{BD6D23DB-712A-4BB3-98B0-B513F0309245}"
EndProject
Project("{8BB2217D-0F2D-49D1-97BC-3654ED321F3B}") = "HttpClient", "HttpClient\HttpClient.fsproj", "{17328051-C44F-4A84-A52A-FEB8EF77981A}"
EndProject
Project("{8BB2217D-0F2D-49D1-97BC-3654ED321F3B}") = "Tests", "Tests\Tests.fsproj", "{5F1B045D-49AE-42E3-8141-75CA6CDD04D9}"
EndProject
Global
	GlobalSection(SolutionConfigurationPlatforms) = preSolution
		Debug|Any CPU = Debug|Any CPU
		Release|Any CPU = Release|Any CPU
	EndGlobalSection
	GlobalSection(ProjectConfigurationPlatforms) = postSolution
		{57B228C7-6A44-4191-9E4C-95E7F688D581}.Debug|Any CPU.ActiveCfg = Debug|Any CPU
		{57B228C7-6A44-4191-9E4C-95E7F688D581}.Debug|Any CPU.Build.0 = Debug|Any CPU
		{57B228C7-6A44-4191-9E4C-95E7F688D581}.Release|Any CPU.ActiveCfg = Release|Any CPU
		{57B228C7-6A44-4191-9E4C-95E7F688D581}.Release|Any CPU.Build.0 = Release|Any CPU
		{23EA1166-343F-4BA6-8B57-15C3B0391AC0}.Debug|Any CPU.ActiveCfg = Debug|Any CPU
		{23EA1166-343F-4BA6-8B57-15C3B0391AC0}.Debug|Any CPU.Build.0 = Debug|Any CPU
		{23EA1166-343F-4BA6-8B57-15C3B0391AC0}.Release|Any CPU.ActiveCfg = Release|Any CPU
		{23EA1166-343F-4BA6-8B57-15C3B0391AC0}.Release|Any CPU.Build.0 = Release|Any CPU
		{BD6D23DB-712A-4BB3-98B0-B513F0309245}.Debug|Any CPU.ActiveCfg = Debug|Any CPU
		{BD6D23DB-712A-4BB3-98B0-B513F0309245}.Debug|Any CPU.Build.0 = Debug|Any CPU
		{BD6D23DB-712A-4BB3-98B0-B513F0309245}.Release|Any CPU.ActiveCfg = Release|Any CPU
		{BD6D23DB-712A-4BB3-98B0-B513F0309245}.Release|Any CPU.Build.0 = Release|Any CPU
		{17328051-C44F-4A84-A52A-FEB8EF77981A}.Debug|Any CPU.ActiveCfg = Debug|Any CPU
		{17328051-C44F-4A84-A52A-FEB8EF77981A}.Debug|Any CPU.Build.0 = Debug|Any CPU
		{17328051-C44F-4A84-A52A-FEB8EF77981A}.Release|Any CPU.ActiveCfg = Release|Any CPU
		{17328051-C44F-4A84-A52A-FEB8EF77981A}.Release|Any CPU.Build.0 = Release|Any CPU
		{5F1B045D-49AE-42E3-8141-75CA6CDD04D9}.Debug|Any CPU.ActiveCfg = Debug|Any CPU
		{5F1B045D-49AE-42E3-8141-75CA6CDD04D9}.Debug|Any CPU.Build.0 = Debug|Any CPU
		{5F1B045D-49AE-42E3-8141-75CA6CDD04D9}.Release|Any CPU.ActiveCfg = Release|Any CPU
		{5F1B045D-49AE-42E3-8141-75CA6CDD04D9}.Release|Any CPU.Build.0 = Release|Any CPU
	EndGlobalSection
	GlobalSection(SolutionProperties) = preSolution
		HideSolutionNode = FALSE
	EndGlobalSection
EndGlobal
